GIT
  remote: git://github.com/mlibrary/handle_rest.git
  revision: 72b4eb6f685a52b81e383a6a157cd200e2140020
  branch: master
  specs:
    handle_rest (0.0.1)
      faraday

GEM
  remote: https://rubygems.org/
  specs:
    actioncable (5.1.3)
      actionpack (= 5.1.3)
      nio4r (~> 2.0)
      websocket-driver (~> 0.6.1)
    actionmailer (5.1.3)
      actionpack (= 5.1.3)
      actionview (= 5.1.3)
      activejob (= 5.1.3)
      mail (~> 2.5, >= 2.5.4)
      rails-dom-testing (~> 2.0)
    actionpack (5.1.3)
      actionview (= 5.1.3)
      activesupport (= 5.1.3)
      rack (~> 2.0)
      rack-test (~> 0.6.3)
      rails-dom-testing (~> 2.0)
      rails-html-sanitizer (~> 1.0, >= 1.0.2)
    actionview (5.1.3)
      activesupport (= 5.1.3)
      builder (~> 3.1)
      erubi (~> 1.4)
      rails-dom-testing (~> 2.0)
      rails-html-sanitizer (~> 1.0, >= 1.0.3)
    active_model_serializers (0.10.6)
      actionpack (>= 4.1, < 6)
      activemodel (>= 4.1, < 6)
      case_transform (>= 0.2)
      jsonapi-renderer (>= 0.1.1.beta1, < 0.2)
    activejob (5.1.3)
      activesupport (= 5.1.3)
      globalid (>= 0.3.6)
    activemodel (5.1.3)
      activesupport (= 5.1.3)
    activerecord (5.1.3)
      activemodel (= 5.1.3)
      activesupport (= 5.1.3)
      arel (~> 8.0)
    activesupport (5.1.3)
      concurrent-ruby (~> 1.0, >= 1.0.2)
      i18n (~> 0.7)
      minitest (~> 5.1)
      tzinfo (~> 1.1)
    addressable (2.5.2)
      public_suffix (>= 2.0.2, < 4.0)
    aggregate (0.2.2)
    api-pagination (4.6.3)
    arel (8.0.0)
    bcrypt (3.1.11)
    benchmark_methods (0.7)
    bergamasco (0.3.17)
      activesupport (>= 4.2.5, < 6)
      addressable (>= 2.3.6)
      builder (~> 3.2, >= 3.2.2)
      loofah (~> 2.0, >= 2.0.3)
      multi_json (~> 1.12)
      nokogiri (~> 1.6, >= 1.6.8)
      oj (>= 2.8.3)
      pandoc-ruby (~> 2.0, >= 2.0.0)
      safe_yaml (~> 1.0, >= 1.0.4)
    better_errors (2.3.0)
      coderay (>= 1.0.0)
      erubi (>= 1.0.0)
      rack (>= 0.9.0)
    bibtex-ruby (4.4.4)
      latex-decode (~> 0.0)
    binding_of_caller (0.7.2)
      debug_inspector (>= 0.0.1)
    bolognese (0.9.48)
      activesupport (>= 4.2.5, < 6)
      benchmark_methods (~> 0.7)
      bibtex-ruby (~> 4.1)
      builder (~> 3.2, >= 3.2.2)
      colorize (~> 0.8.1)
      gender_detector (~> 0.1.2)
      json-ld (~> 2.1, >= 2.1.2)
      jsonlint (~> 0.2.0)
      loofah (~> 2.0, >= 2.0.3)
      maremma (~> 3.5, >= 3.5.7)
      namae (~> 0.11.3)
      nokogiri (~> 1.6, >= 1.6.8)
      oj (>= 2.8.3)
      postrank-uri (~> 1.0, >= 1.0.18)
      rdf-rdfxml (~> 2.0)
      rdf-turtle (~> 2.2)
      thor (~> 0.19)
    bugsnag (5.3.3)
    builder (3.2.3)
    byebug (9.1.0)
    cancancan (2.0.0)
    capybara (2.15.1)
      addressable
      mini_mime (>= 0.1.3)
      nokogiri (>= 1.3.3)
      rack (>= 1.0.0)
      rack-test (>= 0.5.4)
      xpath (~> 2.0)
    case_transform (0.2)
      activesupport
    choice (0.2.0)
    codeclimate-test-reporter (1.0.8)
      simplecov (<= 0.13)
    coderay (1.1.2)
    colorize (0.8.1)
    concurrent-ruby (1.0.5)
    connection_pool (2.2.1)
    countries (2.1.2)
      i18n_data (~> 0.8.0)
      money (~> 6.9)
      sixarm_ruby_unaccent (~> 1.1)
      unicode_utils (~> 1.4)
    country_select (3.1.0)
      countries (~> 2.0)
      sort_alphabetical (~> 1.0)
    crack (0.4.3)
      safe_yaml (~> 1.0.0)
    dalli (2.7.6)
    database_cleaner (1.6.1)
    debug_inspector (0.0.3)
    diff-lcs (1.3)
    docile (1.1.5)
    dotenv (2.2.1)
    ebnf (1.1.1)
      rdf (~> 2.2)
      sxp (~> 1.0)
    elasticsearch (5.0.4)
      elasticsearch-api (= 5.0.4)
      elasticsearch-transport (= 5.0.4)
    elasticsearch-api (5.0.4)
      multi_json
    elasticsearch-model (5.0.1)
      activesupport (> 3)
      elasticsearch (~> 5)
      hashie
    elasticsearch-rails (5.0.1)
    elasticsearch-transport (5.0.4)
      faraday
      multi_json
    equivalent-xml (0.6.0)
      nokogiri (>= 1.4.3)
    erubi (1.6.1)
    excon (0.45.4)
    facets (3.1.0)
    factory_girl (4.8.0)
      activesupport (>= 3.0.0)
    factory_girl_rails (4.8.0)
      factory_girl (~> 4.8.0)
      railties (>= 3.0.0)
    faker (1.8.4)
      i18n (~> 0.5)
    faraday (0.9.2)
      multipart-post (>= 1.2, < 3)
    faraday-encoding (0.0.4)
      faraday
    faraday_middleware (0.10.1)
      faraday (>= 0.7.4, < 1.0)
    ffi (1.9.18)
    gender_detector (0.1.2)
      unicode_utils (>= 1.3.0)
    globalid (0.4.0)
      activesupport (>= 4.2.0)
    haml (5.0.2)
      temple (>= 0.8.0)
      tilt
    hamster (3.0.0)
      concurrent-ruby (~> 1.0)
    hashie (3.5.6)
    hetchy (1.0.0)
    highline (1.7.8)
    htmlentities (4.3.4)
    i18n (0.8.6)
    i18n_data (0.8.0)
    iso8601 (0.9.1)
    json (1.8.6)
    json-ld (2.1.5)
      multi_json (~> 1.12)
      rdf (~> 2.2)
    jsonapi-renderer (0.1.3)
    jsonlint (0.2.0)
      oj (~> 2)
      trollop (~> 2)
    jwt (2.0.0)
    kaminari (1.0.1)
      activesupport (>= 4.1.0)
      kaminari-actionview (= 1.0.1)
      kaminari-activerecord (= 1.0.1)
      kaminari-core (= 1.0.1)
    kaminari-actionview (1.0.1)
      actionview
      kaminari-core (= 1.0.1)
    kaminari-activerecord (1.0.1)
      activerecord
      kaminari-core (= 1.0.1)
    kaminari-core (1.0.1)
    latex-decode (0.2.2)
      unicode (~> 0.4)
    librato-metrics (1.6.1)
      aggregate (~> 0.2.2)
      faraday (~> 0.7)
      multi_json
    librato-rack (1.1.0)
      hetchy (~> 1.0)
      librato-metrics (~> 1.6)
    librato-rails (1.4.2)
      activesupport (>= 3.0)
      librato-rack (~> 1.1.0)
      railties (>= 3.0)
    link_header (0.0.8)
    listen (3.1.5)
      rb-fsevent (~> 0.9, >= 0.9.4)
      rb-inotify (~> 0.9, >= 0.9.7)
      ruby_dep (~> 1.2)
    lograge (0.6.0)
      actionpack (>= 4, < 5.2)
      activesupport (>= 4, < 5.2)
      railties (>= 4, < 5.2)
      request_store (~> 1.0)
    loofah (2.0.3)
      nokogiri (>= 1.5.9)
    mail (2.6.6)
      mime-types (>= 1.16, < 4)
    maremma (3.5.11)
      activesupport (>= 4.2.5, < 6)
      addressable (>= 2.3.6)
      builder (~> 3.2, >= 3.2.2)
      excon (~> 0.45.0)
      faraday (~> 0.9.2)
      faraday-encoding (~> 0.0.1)
      faraday_middleware (~> 0.10.0)
      multi_json (~> 1.12)
      nokogiri (~> 1.6, >= 1.6.8)
      oj (>= 2.8.3)
    method_source (0.8.2)
    mime-types (3.1)
      mime-types-data (~> 3.2015)
    mime-types-data (3.2016.0521)
    mini_mime (0.1.4)
    mini_portile2 (2.1.0)
    minitest (5.10.3)
    money (6.9.0)
      i18n (>= 0.6.4, < 0.9)
    multi_json (1.12.1)
    multipart-post (2.0.0)
    mysql2 (0.4.9)
    namae (0.11.3)
    nio4r (2.1.0)
    nokogiri (1.7.2)
      mini_portile2 (~> 2.1.0)
    oj (2.18.5)
    pandoc-ruby (2.0.1)
    postrank-uri (1.0.22)
      addressable (>= 2.3.0, < 2.6)
      nokogiri (>= 1.6.1, < 1.8)
      public_suffix (>= 2.0.0, < 2.1)
    public_suffix (2.0.5)
    pwqgen (2.0.4)
      highline (~> 1)
      sysrandom (~> 1)
    rack (2.0.3)
    rack-protection (2.0.0)
      rack
    rack-test (0.6.3)
      rack (>= 1.0)
    rails (5.1.3)
      actioncable (= 5.1.3)
      actionmailer (= 5.1.3)
      actionpack (= 5.1.3)
      actionview (= 5.1.3)
      activejob (= 5.1.3)
      activemodel (= 5.1.3)
      activerecord (= 5.1.3)
      activesupport (= 5.1.3)
      bundler (>= 1.3.0)
      railties (= 5.1.3)
      sprockets-rails (>= 2.0.0)
    rails-dom-testing (2.0.3)
      activesupport (>= 4.2.0)
      nokogiri (>= 1.6)
    rails-erd (1.5.2)
      activerecord (>= 3.2)
      activesupport (>= 3.2)
      choice (~> 0.2.0)
      ruby-graphviz (~> 1.2)
    rails-html-sanitizer (1.0.3)
      loofah (~> 2.0)
    railties (5.1.3)
      actionpack (= 5.1.3)
      activesupport (= 5.1.3)
      method_source
      rake (>= 0.8.7)
      thor (>= 0.18.1, < 2.0)
    rake (12.0.0)
    rb-fsevent (0.10.2)
    rb-inotify (0.9.10)
      ffi (>= 0.5.0, < 2)
    rdf (2.2.9)
      hamster (~> 3.0)
      link_header (~> 0.0, >= 0.0.8)
    rdf-aggregate-repo (2.2.0)
      rdf (~> 2.0)
    rdf-rdfa (2.2.3)
      haml (~> 5.0)
      htmlentities (~> 4.3)
      rdf (~> 2.2)
      rdf-aggregate-repo (~> 2.2)
      rdf-xsd (~> 2.1)
    rdf-rdfxml (2.2.0)
      htmlentities (~> 4.3)
      rdf (~> 2.0)
      rdf-rdfa (~> 2.0)
      rdf-xsd (~> 2.0)
    rdf-turtle (2.2.0)
      ebnf (~> 1.1)
      rdf (~> 2.2)
    rdf-xsd (2.2.0)
      rdf (~> 2.1)
    redis (3.3.3)
    request_store (1.3.2)
    rspec-core (3.6.0)
      rspec-support (~> 3.6.0)
    rspec-expectations (3.6.0)
      diff-lcs (>= 1.2.0, < 2.0)
      rspec-support (~> 3.6.0)
    rspec-mocks (3.6.0)
      diff-lcs (>= 1.2.0, < 2.0)
      rspec-support (~> 3.6.0)
    rspec-rails (3.6.1)
      actionpack (>= 3.0)
      activesupport (>= 3.0)
      railties (>= 3.0)
      rspec-core (~> 3.6.0)
      rspec-expectations (~> 3.6.0)
      rspec-mocks (~> 3.6.0)
      rspec-support (~> 3.6.0)
    rspec-support (3.6.0)
    ruby-graphviz (1.2.3)
    ruby_dep (1.5.0)
    safe_yaml (1.0.4)
    shoulda-matchers (3.1.2)
      activesupport (>= 4.0.0)
    sidekiq (5.0.4)
      concurrent-ruby (~> 1.0)
      connection_pool (~> 2.2, >= 2.2.0)
      rack-protection (>= 1.5.0)
      redis (~> 3.3, >= 3.3.3)
    simple_command (0.0.9)
    simplecov (0.13.0)
      docile (~> 1.1.0)
      json (>= 1.8, < 3)
      simplecov-html (~> 0.10.0)
    simplecov-html (0.10.2)
    sixarm_ruby_unaccent (1.2.0)
    sort_alphabetical (1.1.0)
      unicode_utils (>= 1.2.2)
    spring (2.0.2)
      activesupport (>= 4.2)
    spring-watcher-listen (2.0.1)
      listen (>= 2.7, < 4.0)
      spring (>= 1.2, < 3.0)
    sprockets (3.7.1)
      concurrent-ruby (~> 1.0)
      rack (> 1, < 3)
    sprockets-rails (3.2.1)
      actionpack (>= 4.0)
      activesupport (>= 4.0)
      sprockets (>= 3.0.0)
    sxp (1.0.0)
      rdf (~> 2.0)
    sysrandom (1.0.5)
    temple (0.8.0)
    thor (0.20.0)
    thread_safe (0.3.6)
    tilt (2.0.8)
    trollop (2.1.2)
    tzinfo (1.2.3)
      thread_safe (~> 0.1)
    unicode (0.4.4.4)
    unicode_utils (1.4.0)
    vcr (3.0.3)
    webmock (1.20.4)
      addressable (>= 2.3.6)
      crack (>= 0.3.2)
    websocket-driver (0.6.5)
      websocket-extensions (>= 0.1.0)
    websocket-extensions (0.1.2)
    xpath (2.1.0)
      nokogiri (~> 1.3)

PLATFORMS
  ruby

DEPENDENCIES
  active_model_serializers (~> 0.10.0)
  api-pagination
  bcrypt (~> 3.1.7)
  bergamasco (~> 0.3.10)
  better_errors
  binding_of_caller
  bolognese (~> 0.9, >= 0.9)
  bugsnag (~> 5.3)
  byebug
  cancancan (~> 2.0)
  capybara
  codeclimate-test-reporter (~> 1.0.0)
  countries (~> 2.1, >= 2.1.2)
  country_select (~> 3.1)
  dalli (~> 2.7.6)
  database_cleaner
  dotenv
  elasticsearch-model
  elasticsearch-rails
  equivalent-xml (~> 0.6.0)
  facets
  factory_girl_rails (~> 4.0)
  faker
  gender_detector (~> 0.1.2)
  handle_rest!
  iso8601 (~> 0.9.0)
  json (~> 1.8, >= 1.8.5)
  jwt
  kaminari (~> 1.0, >= 1.0.1)
  librato-rails (~> 1.4.2)
  listen (>= 3.0.5, < 3.2)
  lograge (~> 0.5)
  maremma (~> 3.5.11)
  multi_json
  mysql2
  nokogiri (~> 1.6, >= 1.6.8)
  oj (~> 2.18, >= 2.18.1)
  pwqgen
  rails (~> 5.1.1)
  rails-erd
  rspec-rails (~> 3.5, >= 3.5.2)
  shoulda-matchers (~> 3.1)
  sidekiq (~> 5.0, >= 5.0.4)
  simple_command
  simplecov
  spring
  spring-watcher-listen (~> 2.0.0)
  tzinfo-data
  vcr (~> 3.0.3)
  webmock (~> 1.20.0)

BUNDLED WITH
   1.15.3
